
Microsoft Visual Studio Solution File, Format Version 12.00
# Visual Studio 2013
VisualStudioVersion = 12.0.40629.0
MinimumVisualStudioVersion = 10.0.40219.1
Project("{8BC9CEB8-8B4A-11D0-8D11-00A0C91BC942}") = "BMPFile1", "BMPFile1\BMPFile1.vcxproj", "{DCCFFE8F-844A-43EB-B050-D2056D0EA107}"
EndProject
Global
	GlobalSection(SolutionConfigurationPlatforms) = preSolution
		Debug|Win32 = Debug|Win32
		Release|Win32 = Release|Win32
	EndGlobalSection
	GlobalSection(ProjectConfigurationPlatforms) = postSolution
		{DCCFFE8F-844A-43EB-B050-D2056D0EA107}.Debug|Win32.ActiveCfg = Debug|Win32
		{DCCFFE8F-844A-43EB-B050-D2056D0EA107}.Debug|Win32.Build.0 = Debug|Win32
		{DCCFFE8F-844A-43EB-B050-D2056D0EA107}.Release|Win32.ActiveCfg = Release|Win32
		{DCCFFE8F-844A-43EB-B050-D2056D0EA107}.Release|Win32.Build.0 = Release|Win32
	EndGlobalSection
	GlobalSection(SolutionProperties) = preSolution
		HideSolutionNode = FALSE
	EndGlobalSection
EndGlobal
